// !$*UTF8*$!
{
	archiveVersion = 1;
	classes = {
	};
	objectVersion = 46;
	objects = {

/* Begin PBXBuildFile section */
		2A0CA5551B294C6B00ED8781 /* AppDelegate.swift in Sources */ = {isa = PBXBuildFile; fileRef = 2A0CA5541B294C6B00ED8781 /* AppDelegate.swift */; };
		2A0CA5571B294C6B00ED8781 /* ScenarioViewController.swift in Sources */ = {isa = PBXBuildFile; fileRef = 2A0CA5561B294C6B00ED8781 /* ScenarioViewController.swift */; };
		2A0CA55A1B294C6B00ED8781 /* Main.storyboard in Resources */ = {isa = PBXBuildFile; fileRef = 2A0CA5581B294C6B00ED8781 /* Main.storyboard */; };
		2A0CA55C1B294C6B00ED8781 /* Images.xcassets in Resources */ = {isa = PBXBuildFile; fileRef = 2A0CA55B1B294C6B00ED8781 /* Images.xcassets */; };
		2A0CA55F1B294C6B00ED8781 /* LaunchScreen.xib in Resources */ = {isa = PBXBuildFile; fileRef = 2A0CA55D1B294C6B00ED8781 /* LaunchScreen.xib */; };
		2A0CA5751B294C9200ED8781 /* libsqlite3.dylib in Frameworks */ = {isa = PBXBuildFile; fileRef = 2A0CA5741B294C9200ED8781 /* libsqlite3.dylib */; };
		2A2A4DB71B373C5B00D50860 /* StartViewController.swift in Sources */ = {isa = PBXBuildFile; fileRef = 2A2A4DB61B373C5B00D50860 /* StartViewController.swift */; };
		2A5B28371D3E6E6300308F78 /* mainDatabase.sqlite in Resources */ = {isa = PBXBuildFile; fileRef = 2A2322DA1B2C5EB200F3F6D4 /* mainDatabase.sqlite */; };
		2A8D2E071D17CDF700154F98 /* ShopViewController.swift in Sources */ = {isa = PBXBuildFile; fileRef = 2A8D2E061D17CDF700154F98 /* ShopViewController.swift */; };
		2AD1A1E71B2B1ADA00BCA94D /* ModelManager.swift in Sources */ = {isa = PBXBuildFile; fileRef = 2AD1A1E61B2B1ADA00BCA94D /* ModelManager.swift */; };
		2AF82A8D1B4BA74A00307BED /* FMDatabase.m in Sources */ = {isa = PBXBuildFile; fileRef = 2AF82A831B4BA74A00307BED /* FMDatabase.m */; };
		2AF82A8E1B4BA74A00307BED /* FMDatabaseAdditions.m in Sources */ = {isa = PBXBuildFile; fileRef = 2AF82A851B4BA74A00307BED /* FMDatabaseAdditions.m */; };
		2AF82A8F1B4BA74A00307BED /* FMDatabasePool.m in Sources */ = {isa = PBXBuildFile; fileRef = 2AF82A871B4BA74A00307BED /* FMDatabasePool.m */; };
		2AF82A901B4BA74A00307BED /* FMDatabaseQueue.m in Sources */ = {isa = PBXBuildFile; fileRef = 2AF82A891B4BA74A00307BED /* FMDatabaseQueue.m */; };
		2AF82A911B4BA74A00307BED /* FMResultSet.m in Sources */ = {isa = PBXBuildFile; fileRef = 2AF82A8C1B4BA74A00307BED /* FMResultSet.m */; };
		4D4074AC200E68FF009118F6 /* ShopViewControllerTests.swift in Sources */ = {isa = PBXBuildFile; fileRef = 4D4074AB200E68FF009118F6 /* ShopViewControllerTests.swift */; };
		4D4074AE200E69AA009118F6 /* MapViewControllerTests.swift in Sources */ = {isa = PBXBuildFile; fileRef = 4D4074AD200E69AA009118F6 /* MapViewControllerTests.swift */; };
		4DF1CBB120152582008B5359 /* CompletedViewController.swift in Sources */ = {isa = PBXBuildFile; fileRef = 4DF1CBB020152582008B5359 /* CompletedViewController.swift */; };
		5BAC4644206D2D9B0091C73C /* EndViewController.swift in Sources */ = {isa = PBXBuildFile; fileRef = 5BAC4643206D2D9B0091C73C /* EndViewController.swift */; };
		5BB66DBF2055D5D800DE3B9C /* SegueHandler.swift in Sources */ = {isa = PBXBuildFile; fileRef = 5BB66DBE2055D5D800DE3B9C /* SegueHandler.swift */; };
		5BD864812046F61900004B39 /* Strings.swift in Sources */ = {isa = PBXBuildFile; fileRef = 5BD864802046F61900004B39 /* Strings.swift */; };
		6A29A3F220AC9CAC00DABACE /* SoundPlayer.swift in Sources */ = {isa = PBXBuildFile; fileRef = 6A29A3F120AC9CAC00DABACE /* SoundPlayer.swift */; };
		6A69DC8D20AB386B006511E3 /* StorySequencePlayer.swift in Sources */ = {isa = PBXBuildFile; fileRef = 6A69DC8C20AB386B006511E3 /* StorySequencePlayer.swift */; };
		6A69DC8F20AB3881006511E3 /* PopupEventPlayer.swift in Sources */ = {isa = PBXBuildFile; fileRef = 6A69DC8E20AB3881006511E3 /* PopupEventPlayer.swift */; };
		6A69DC9120AB3892006511E3 /* StorySequenceModel.swift in Sources */ = {isa = PBXBuildFile; fileRef = 6A69DC9020AB3892006511E3 /* StorySequenceModel.swift */; };
		6A69DC9520AB38B4006511E3 /* StorySequences.swift in Sources */ = {isa = PBXBuildFile; fileRef = 6A69DC9420AB38B4006511E3 /* StorySequences.swift */; };
		6A69DC9720AB38BD006511E3 /* PopupEvents.swift in Sources */ = {isa = PBXBuildFile; fileRef = 6A69DC9620AB38BD006511E3 /* PopupEvents.swift */; };
		6A69DC9E20ABCA0A006511E3 /* Sounds.xcassets in Resources */ = {isa = PBXBuildFile; fileRef = 6A69DC9D20ABCA0A006511E3 /* Sounds.xcassets */; };
		6A7B854120A9F51100EBFEEB /* mainDatabaseDev.sqlite in Resources */ = {isa = PBXBuildFile; fileRef = 6A7B854020A9F51100EBFEEB /* mainDatabaseDev.sqlite */; };
		D910FF191F04AB3200C444DA /* DataSource.swift in Sources */ = {isa = PBXBuildFile; fileRef = D910FF181F04AB3200C444DA /* DataSource.swift */; };
		D910FF1F1F04DD4F00C444DA /* ResultViewControllerTests.swift in Sources */ = {isa = PBXBuildFile; fileRef = D910FF1E1F04DD4F00C444DA /* ResultViewControllerTests.swift */; };
		D910FF211F05E22400C444DA /* ScenarioViewControllerTests.swift in Sources */ = {isa = PBXBuildFile; fileRef = D910FF201F05E22400C444DA /* ScenarioViewControllerTests.swift */; };
		D910FF231F05FF5E00C444DA /* CustomizeAvatarViewControllerTests.swift in Sources */ = {isa = PBXBuildFile; fileRef = D910FF221F05FF5E00C444DA /* CustomizeAvatarViewControllerTests.swift */; };
		D910FF251F06304F00C444DA /* DatabaseAccessorTests.swift in Sources */ = {isa = PBXBuildFile; fileRef = D910FF241F06304F00C444DA /* DatabaseAccessorTests.swift */; };
		D9381DB11EF773B2000AC2B5 /* Montserrat-Bold.otf in Resources */ = {isa = PBXBuildFile; fileRef = D9381DB01EF773B2000AC2B5 /* Montserrat-Bold.otf */; };
		D959CBC71EE6430E00C31753 /* Answer.swift in Sources */ = {isa = PBXBuildFile; fileRef = D959CBC61EE6430E00C31753 /* Answer.swift */; };
		D959CBC91EE643F400C31753 /* Avatar.swift in Sources */ = {isa = PBXBuildFile; fileRef = D959CBC81EE643F400C31753 /* Avatar.swift */; };
		D959CBCB1EE6481100C31753 /* Question.swift in Sources */ = {isa = PBXBuildFile; fileRef = D959CBCA1EE6481100C31753 /* Question.swift */; };
		D959CBCD1EE6489100C31753 /* Scenario.swift in Sources */ = {isa = PBXBuildFile; fileRef = D959CBCC1EE6489100C31753 /* Scenario.swift */; };
		D959CBCF1EE6491800C31753 /* Score.swift in Sources */ = {isa = PBXBuildFile; fileRef = D959CBCE1EE6491800C31753 /* Score.swift */; };
		D959CBD31EE64A3A00C31753 /* DatabaseAccessor.swift in Sources */ = {isa = PBXBuildFile; fileRef = D959CBD21EE64A3A00C31753 /* DatabaseAccessor.swift */; };
		D95B03CC1EDE7470001DB858 /* MapViewController.swift in Sources */ = {isa = PBXBuildFile; fileRef = D95B03CB1EDE7470001DB858 /* MapViewController.swift */; };
		D95B03CE1EDEA680001DB858 /* MiniGameViewController.swift in Sources */ = {isa = PBXBuildFile; fileRef = D95B03CD1EDEA680001DB858 /* MiniGameViewController.swift */; };
		D95BBB801F4A911D00E0E620 /* AboutViewController.swift in Sources */ = {isa = PBXBuildFile; fileRef = D95BBB7F1F4A911D00E0E620 /* AboutViewController.swift */; };
		D96944AF1F2EE97900FBE0E4 /* SKTutorialScene.swift in Sources */ = {isa = PBXBuildFile; fileRef = D96944AE1F2EE97900FBE0E4 /* SKTutorialScene.swift */; };
		D969D26C1EE8F36200A5133F /* FMResultSetNullCheckExtension.swift in Sources */ = {isa = PBXBuildFile; fileRef = D969D26B1EE8F36200A5133F /* FMResultSetNullCheckExtension.swift */; };
		D984D3011F0F598C0006270D /* SinkToSwimGameScene.swift in Sources */ = {isa = PBXBuildFile; fileRef = D984D3001F0F598C0006270D /* SinkToSwimGameScene.swift */; };
		D984D3031F0F59A40006270D /* SinkToSwimQuestion.swift in Sources */ = {isa = PBXBuildFile; fileRef = D984D3021F0F59A40006270D /* SinkToSwimQuestion.swift */; };
		D984D3051F0F59BA0006270D /* SKMultilineLabel.swift in Sources */ = {isa = PBXBuildFile; fileRef = D984D3041F0F59BA0006270D /* SKMultilineLabel.swift */; };
		D984E4D61F4A95A400A06204 /* CustomizeAvatarViewController.swift in Sources */ = {isa = PBXBuildFile; fileRef = D984E4D51F4A95A400A06204 /* CustomizeAvatarViewController.swift */; };
		D9970C7C1F00998300960B52 /* MinesweeperTests.swift in Sources */ = {isa = PBXBuildFile; fileRef = D9970C7B1F00998300960B52 /* MinesweeperTests.swift */; };
		D9A1572E1F0A205200B3A51B /* DatabaseEntryTests.swift in Sources */ = {isa = PBXBuildFile; fileRef = D9A1572D1F0A205200B3A51B /* DatabaseEntryTests.swift */; };
		D9AAA9C41EF2335F00287A79 /* MinesweeperGameScene.swift in Sources */ = {isa = PBXBuildFile; fileRef = D9AAA9C31EF2335F00287A79 /* MinesweeperGameScene.swift */; };
		D9AAA9C61EF2481900287A79 /* GuessingBox.swift in Sources */ = {isa = PBXBuildFile; fileRef = D9AAA9C51EF2481900287A79 /* GuessingBox.swift */; };
		D9AAA9C91EF25E4600287A79 /* ShuffleArrayExtension.swift in Sources */ = {isa = PBXBuildFile; fileRef = D9AAA9C81EF25E4600287A79 /* ShuffleArrayExtension.swift */; };
		D9D10A401EE130BD003584F4 /* ResultsViewController.swift in Sources */ = {isa = PBXBuildFile; fileRef = D9D10A3F1EE130BD003584F4 /* ResultsViewController.swift */; };
		D9DD913E1F0363DF009DE3B5 /* ModelClassTests.swift in Sources */ = {isa = PBXBuildFile; fileRef = D9DD913D1F0363DF009DE3B5 /* ModelClassTests.swift */; };
		D9E190A61EE952CD00109F39 /* Accessory.swift in Sources */ = {isa = PBXBuildFile; fileRef = D9E190A51EE952CD00109F39 /* Accessory.swift */; };
		D9E74B791F1F149400A42B7E /* VocabMatchingGameScene.swift in Sources */ = {isa = PBXBuildFile; fileRef = D9E74B781F1F149400A42B7E /* VocabMatchingGameScene.swift */; };
		D9E74B7B1F1F14ED00A42B7E /* VocabMatchingClipboard.swift in Sources */ = {isa = PBXBuildFile; fileRef = D9E74B7A1F1F14ED00A42B7E /* VocabMatchingClipboard.swift */; };
		D9E74B7F1F1F1AF800A42B7E /* VocabMatchingTile.swift in Sources */ = {isa = PBXBuildFile; fileRef = D9E74B7E1F1F1AF800A42B7E /* VocabMatchingTile.swift */; };
		D9E922E71F1C9FFA0091D8BB /* SinkToSwimTests.swift in Sources */ = {isa = PBXBuildFile; fileRef = D9E922E61F1C9FFA0091D8BB /* SinkToSwimTests.swift */; };
		D9EEC4551F2A1A230037C745 /* VocabMatchingTests.swift in Sources */ = {isa = PBXBuildFile; fileRef = D9EEC4541F2A1A230037C745 /* VocabMatchingTests.swift */; };
		EAB1B4AC1FE9E4FB005964AF /* UserDefaultsHandler.swift in Sources */ = {isa = PBXBuildFile; fileRef = EAB1B4AB1FE9E4FB005964AF /* UserDefaultsHandler.swift */; };
/* End PBXBuildFile section */

/* Begin PBXContainerItemProxy section */
		2A0CA5651B294C6B00ED8781 /* PBXContainerItemProxy */ = {
			isa = PBXContainerItemProxy;
			containerPortal = 2A0CA5471B294C6B00ED8781 /* Project object */;
			proxyType = 1;
			remoteGlobalIDString = 2A0CA54E1B294C6B00ED8781;
			remoteInfo = Database;
		};
/* End PBXContainerItemProxy section */

/* Begin PBXCopyFilesBuildPhase section */
		2A5B28351D3E6BF000308F78 /* CopyFiles */ = {
			isa = PBXCopyFilesBuildPhase;
			buildActionMask = 12;
			dstPath = "";
			dstSubfolderSpec = 7;
			files = (
			);
			runOnlyForDeploymentPostprocessing = 0;
		};
/* End PBXCopyFilesBuildPhase section */

/* Begin PBXFileReference section */
		2A0CA54F1B294C6B00ED8781 /* Powerup.app */ = {isa = PBXFileReference; explicitFileType = wrapper.application; includeInIndex = 0; path = Powerup.app; sourceTree = BUILT_PRODUCTS_DIR; };
		2A0CA5531B294C6B00ED8781 /* Info.plist */ = {isa = PBXFileReference; lastKnownFileType = text.plist.xml; path = Info.plist; sourceTree = "<group>"; };
		2A0CA5541B294C6B00ED8781 /* AppDelegate.swift */ = {isa = PBXFileReference; lastKnownFileType = sourcecode.swift; path = AppDelegate.swift; sourceTree = "<group>"; };
		2A0CA5561B294C6B00ED8781 /* ScenarioViewController.swift */ = {isa = PBXFileReference; lastKnownFileType = sourcecode.swift; path = ScenarioViewController.swift; sourceTree = "<group>"; };
		2A0CA5591B294C6B00ED8781 /* Base */ = {isa = PBXFileReference; lastKnownFileType = file.storyboard; name = Base; path = Base.lproj/Main.storyboard; sourceTree = "<group>"; };
		2A0CA55B1B294C6B00ED8781 /* Images.xcassets */ = {isa = PBXFileReference; lastKnownFileType = folder.assetcatalog; path = Images.xcassets; sourceTree = "<group>"; };
		2A0CA55E1B294C6B00ED8781 /* Base */ = {isa = PBXFileReference; lastKnownFileType = file.xib; name = Base; path = Base.lproj/LaunchScreen.xib; sourceTree = "<group>"; };
		2A0CA5641B294C6B00ED8781 /* PowerupTests.xctest */ = {isa = PBXFileReference; explicitFileType = wrapper.cfbundle; includeInIndex = 0; path = PowerupTests.xctest; sourceTree = BUILT_PRODUCTS_DIR; };
		2A0CA5691B294C6B00ED8781 /* Info.plist */ = {isa = PBXFileReference; lastKnownFileType = text.plist.xml; path = Info.plist; sourceTree = "<group>"; };
		2A0CA5741B294C9200ED8781 /* libsqlite3.dylib */ = {isa = PBXFileReference; lastKnownFileType = "compiled.mach-o.dylib"; path = libsqlite3.dylib; sourceTree = "<group>"; };
		2A0CA5761B29E83500ED8781 /* Powerup-Bridging-Header.h */ = {isa = PBXFileReference; lastKnownFileType = sourcecode.c.h; path = "Powerup-Bridging-Header.h"; sourceTree = "<group>"; };
		2A2322DA1B2C5EB200F3F6D4 /* mainDatabase.sqlite */ = {isa = PBXFileReference; lastKnownFileType = file; name = mainDatabase.sqlite; path = Scenarios/mainDatabase.sqlite; sourceTree = "<group>"; };
		2A2A4DB61B373C5B00D50860 /* StartViewController.swift */ = {isa = PBXFileReference; fileEncoding = 4; lastKnownFileType = sourcecode.swift; path = StartViewController.swift; sourceTree = "<group>"; };
		2A8D2E061D17CDF700154F98 /* ShopViewController.swift */ = {isa = PBXFileReference; fileEncoding = 4; lastKnownFileType = sourcecode.swift; path = ShopViewController.swift; sourceTree = "<group>"; };
		2AD1A1E61B2B1ADA00BCA94D /* ModelManager.swift */ = {isa = PBXFileReference; fileEncoding = 4; lastKnownFileType = sourcecode.swift; path = ModelManager.swift; sourceTree = "<group>"; };
		2AF82A821B4BA74A00307BED /* FMDatabase.h */ = {isa = PBXFileReference; fileEncoding = 4; lastKnownFileType = sourcecode.c.h; name = FMDatabase.h; path = FMDB/FMDatabase.h; sourceTree = "<group>"; };
		2AF82A831B4BA74A00307BED /* FMDatabase.m */ = {isa = PBXFileReference; fileEncoding = 4; lastKnownFileType = sourcecode.c.objc; name = FMDatabase.m; path = FMDB/FMDatabase.m; sourceTree = "<group>"; };
		2AF82A841B4BA74A00307BED /* FMDatabaseAdditions.h */ = {isa = PBXFileReference; fileEncoding = 4; lastKnownFileType = sourcecode.c.h; name = FMDatabaseAdditions.h; path = FMDB/FMDatabaseAdditions.h; sourceTree = "<group>"; };
		2AF82A851B4BA74A00307BED /* FMDatabaseAdditions.m */ = {isa = PBXFileReference; fileEncoding = 4; lastKnownFileType = sourcecode.c.objc; name = FMDatabaseAdditions.m; path = FMDB/FMDatabaseAdditions.m; sourceTree = "<group>"; };
		2AF82A861B4BA74A00307BED /* FMDatabasePool.h */ = {isa = PBXFileReference; fileEncoding = 4; lastKnownFileType = sourcecode.c.h; name = FMDatabasePool.h; path = FMDB/FMDatabasePool.h; sourceTree = "<group>"; };
		2AF82A871B4BA74A00307BED /* FMDatabasePool.m */ = {isa = PBXFileReference; fileEncoding = 4; lastKnownFileType = sourcecode.c.objc; name = FMDatabasePool.m; path = FMDB/FMDatabasePool.m; sourceTree = "<group>"; };
		2AF82A881B4BA74A00307BED /* FMDatabaseQueue.h */ = {isa = PBXFileReference; fileEncoding = 4; lastKnownFileType = sourcecode.c.h; name = FMDatabaseQueue.h; path = FMDB/FMDatabaseQueue.h; sourceTree = "<group>"; };
		2AF82A891B4BA74A00307BED /* FMDatabaseQueue.m */ = {isa = PBXFileReference; fileEncoding = 4; lastKnownFileType = sourcecode.c.objc; name = FMDatabaseQueue.m; path = FMDB/FMDatabaseQueue.m; sourceTree = "<group>"; };
		2AF82A8A1B4BA74A00307BED /* FMDB.h */ = {isa = PBXFileReference; fileEncoding = 4; lastKnownFileType = sourcecode.c.h; name = FMDB.h; path = FMDB/FMDB.h; sourceTree = "<group>"; };
		2AF82A8B1B4BA74A00307BED /* FMResultSet.h */ = {isa = PBXFileReference; fileEncoding = 4; lastKnownFileType = sourcecode.c.h; name = FMResultSet.h; path = FMDB/FMResultSet.h; sourceTree = "<group>"; };
		2AF82A8C1B4BA74A00307BED /* FMResultSet.m */ = {isa = PBXFileReference; fileEncoding = 4; lastKnownFileType = sourcecode.c.objc; name = FMResultSet.m; path = FMDB/FMResultSet.m; sourceTree = "<group>"; };
		4D4074AB200E68FF009118F6 /* ShopViewControllerTests.swift */ = {isa = PBXFileReference; lastKnownFileType = sourcecode.swift; path = ShopViewControllerTests.swift; sourceTree = "<group>"; };
		4D4074AD200E69AA009118F6 /* MapViewControllerTests.swift */ = {isa = PBXFileReference; lastKnownFileType = sourcecode.swift; path = MapViewControllerTests.swift; sourceTree = "<group>"; };
		4DF1CBB020152582008B5359 /* CompletedViewController.swift */ = {isa = PBXFileReference; lastKnownFileType = sourcecode.swift; path = CompletedViewController.swift; sourceTree = "<group>"; };
		5BAC4643206D2D9B0091C73C /* EndViewController.swift */ = {isa = PBXFileReference; lastKnownFileType = sourcecode.swift; path = EndViewController.swift; sourceTree = "<group>"; };
		5BB66DBE2055D5D800DE3B9C /* SegueHandler.swift */ = {isa = PBXFileReference; lastKnownFileType = sourcecode.swift; path = SegueHandler.swift; sourceTree = "<group>"; };
		5BD864802046F61900004B39 /* Strings.swift */ = {isa = PBXFileReference; lastKnownFileType = sourcecode.swift; path = Strings.swift; sourceTree = "<group>"; };
		6A29A3F120AC9CAC00DABACE /* SoundPlayer.swift */ = {isa = PBXFileReference; lastKnownFileType = sourcecode.swift; path = SoundPlayer.swift; sourceTree = "<group>"; };
		6A69DC8C20AB386B006511E3 /* StorySequencePlayer.swift */ = {isa = PBXFileReference; lastKnownFileType = sourcecode.swift; path = StorySequencePlayer.swift; sourceTree = "<group>"; };
		6A69DC8E20AB3881006511E3 /* PopupEventPlayer.swift */ = {isa = PBXFileReference; lastKnownFileType = sourcecode.swift; path = PopupEventPlayer.swift; sourceTree = "<group>"; };
		6A69DC9020AB3892006511E3 /* StorySequenceModel.swift */ = {isa = PBXFileReference; lastKnownFileType = sourcecode.swift; path = StorySequenceModel.swift; sourceTree = "<group>"; };
		6A69DC9420AB38B4006511E3 /* StorySequences.swift */ = {isa = PBXFileReference; lastKnownFileType = sourcecode.swift; path = StorySequences.swift; sourceTree = "<group>"; };
		6A69DC9620AB38BD006511E3 /* PopupEvents.swift */ = {isa = PBXFileReference; lastKnownFileType = sourcecode.swift; path = PopupEvents.swift; sourceTree = "<group>"; };
		6A69DC9D20ABCA0A006511E3 /* Sounds.xcassets */ = {isa = PBXFileReference; lastKnownFileType = folder.assetcatalog; path = Sounds.xcassets; sourceTree = "<group>"; };
		6A7B854020A9F51100EBFEEB /* mainDatabaseDev.sqlite */ = {isa = PBXFileReference; lastKnownFileType = file; name = mainDatabaseDev.sqlite; path = Scenarios/mainDatabaseDev.sqlite; sourceTree = "<group>"; };
		D910FF181F04AB3200C444DA /* DataSource.swift */ = {isa = PBXFileReference; fileEncoding = 4; lastKnownFileType = sourcecode.swift; path = DataSource.swift; sourceTree = "<group>"; };
		D910FF1E1F04DD4F00C444DA /* ResultViewControllerTests.swift */ = {isa = PBXFileReference; fileEncoding = 4; lastKnownFileType = sourcecode.swift; path = ResultViewControllerTests.swift; sourceTree = "<group>"; };
		D910FF201F05E22400C444DA /* ScenarioViewControllerTests.swift */ = {isa = PBXFileReference; fileEncoding = 4; lastKnownFileType = sourcecode.swift; path = ScenarioViewControllerTests.swift; sourceTree = "<group>"; };
		D910FF221F05FF5E00C444DA /* CustomizeAvatarViewControllerTests.swift */ = {isa = PBXFileReference; fileEncoding = 4; lastKnownFileType = sourcecode.swift; path = CustomizeAvatarViewControllerTests.swift; sourceTree = "<group>"; };
		D910FF241F06304F00C444DA /* DatabaseAccessorTests.swift */ = {isa = PBXFileReference; fileEncoding = 4; lastKnownFileType = sourcecode.swift; path = DatabaseAccessorTests.swift; sourceTree = "<group>"; };
		D9381DB01EF773B2000AC2B5 /* Montserrat-Bold.otf */ = {isa = PBXFileReference; lastKnownFileType = file; path = "Montserrat-Bold.otf"; sourceTree = "<group>"; };
		D959CBC61EE6430E00C31753 /* Answer.swift */ = {isa = PBXFileReference; fileEncoding = 4; lastKnownFileType = sourcecode.swift; path = Answer.swift; sourceTree = "<group>"; };
		D959CBC81EE643F400C31753 /* Avatar.swift */ = {isa = PBXFileReference; fileEncoding = 4; lastKnownFileType = sourcecode.swift; path = Avatar.swift; sourceTree = "<group>"; };
		D959CBCA1EE6481100C31753 /* Question.swift */ = {isa = PBXFileReference; fileEncoding = 4; lastKnownFileType = sourcecode.swift; path = Question.swift; sourceTree = "<group>"; };
		D959CBCC1EE6489100C31753 /* Scenario.swift */ = {isa = PBXFileReference; fileEncoding = 4; lastKnownFileType = sourcecode.swift; path = Scenario.swift; sourceTree = "<group>"; };
		D959CBCE1EE6491800C31753 /* Score.swift */ = {isa = PBXFileReference; fileEncoding = 4; lastKnownFileType = sourcecode.swift; path = Score.swift; sourceTree = "<group>"; };
		D959CBD21EE64A3A00C31753 /* DatabaseAccessor.swift */ = {isa = PBXFileReference; fileEncoding = 4; lastKnownFileType = sourcecode.swift; path = DatabaseAccessor.swift; sourceTree = "<group>"; };
		D95B03CB1EDE7470001DB858 /* MapViewController.swift */ = {isa = PBXFileReference; fileEncoding = 4; lastKnownFileType = sourcecode.swift; path = MapViewController.swift; sourceTree = "<group>"; };
		D95B03CD1EDEA680001DB858 /* MiniGameViewController.swift */ = {isa = PBXFileReference; fileEncoding = 4; lastKnownFileType = sourcecode.swift; path = MiniGameViewController.swift; sourceTree = "<group>"; };
		D95BBB7F1F4A911D00E0E620 /* AboutViewController.swift */ = {isa = PBXFileReference; fileEncoding = 4; lastKnownFileType = sourcecode.swift; path = AboutViewController.swift; sourceTree = "<group>"; };
		D96944AE1F2EE97900FBE0E4 /* SKTutorialScene.swift */ = {isa = PBXFileReference; fileEncoding = 4; lastKnownFileType = sourcecode.swift; name = SKTutorialScene.swift; path = ../SKTutorialScene.swift; sourceTree = "<group>"; };
		D969D26B1EE8F36200A5133F /* FMResultSetNullCheckExtension.swift */ = {isa = PBXFileReference; fileEncoding = 4; lastKnownFileType = sourcecode.swift; path = FMResultSetNullCheckExtension.swift; sourceTree = "<group>"; };
		D984D3001F0F598C0006270D /* SinkToSwimGameScene.swift */ = {isa = PBXFileReference; fileEncoding = 4; lastKnownFileType = sourcecode.swift; path = SinkToSwimGameScene.swift; sourceTree = "<group>"; };
		D984D3021F0F59A40006270D /* SinkToSwimQuestion.swift */ = {isa = PBXFileReference; fileEncoding = 4; lastKnownFileType = sourcecode.swift; path = SinkToSwimQuestion.swift; sourceTree = "<group>"; };
		D984D3041F0F59BA0006270D /* SKMultilineLabel.swift */ = {isa = PBXFileReference; fileEncoding = 4; lastKnownFileType = sourcecode.swift; path = SKMultilineLabel.swift; sourceTree = "<group>"; };
		D984E4D51F4A95A400A06204 /* CustomizeAvatarViewController.swift */ = {isa = PBXFileReference; fileEncoding = 4; lastKnownFileType = sourcecode.swift; path = CustomizeAvatarViewController.swift; sourceTree = "<group>"; };
		D9970C7B1F00998300960B52 /* MinesweeperTests.swift */ = {isa = PBXFileReference; fileEncoding = 4; lastKnownFileType = sourcecode.swift; path = MinesweeperTests.swift; sourceTree = "<group>"; };
		D9A1572D1F0A205200B3A51B /* DatabaseEntryTests.swift */ = {isa = PBXFileReference; fileEncoding = 4; lastKnownFileType = sourcecode.swift; path = DatabaseEntryTests.swift; sourceTree = "<group>"; };
		D9AAA9C31EF2335F00287A79 /* MinesweeperGameScene.swift */ = {isa = PBXFileReference; fileEncoding = 4; lastKnownFileType = sourcecode.swift; path = MinesweeperGameScene.swift; sourceTree = "<group>"; };
		D9AAA9C51EF2481900287A79 /* GuessingBox.swift */ = {isa = PBXFileReference; fileEncoding = 4; lastKnownFileType = sourcecode.swift; path = GuessingBox.swift; sourceTree = "<group>"; };
		D9AAA9C81EF25E4600287A79 /* ShuffleArrayExtension.swift */ = {isa = PBXFileReference; fileEncoding = 4; lastKnownFileType = sourcecode.swift; name = ShuffleArrayExtension.swift; path = ../ShuffleArrayExtension.swift; sourceTree = "<group>"; };
		D9D10A3F1EE130BD003584F4 /* ResultsViewController.swift */ = {isa = PBXFileReference; fileEncoding = 4; lastKnownFileType = sourcecode.swift; path = ResultsViewController.swift; sourceTree = "<group>"; };
		D9DD913D1F0363DF009DE3B5 /* ModelClassTests.swift */ = {isa = PBXFileReference; fileEncoding = 4; lastKnownFileType = sourcecode.swift; path = ModelClassTests.swift; sourceTree = "<group>"; };
		D9E190A51EE952CD00109F39 /* Accessory.swift */ = {isa = PBXFileReference; fileEncoding = 4; lastKnownFileType = sourcecode.swift; path = Accessory.swift; sourceTree = "<group>"; };
		D9E74B781F1F149400A42B7E /* VocabMatchingGameScene.swift */ = {isa = PBXFileReference; fileEncoding = 4; lastKnownFileType = sourcecode.swift; path = VocabMatchingGameScene.swift; sourceTree = "<group>"; };
		D9E74B7A1F1F14ED00A42B7E /* VocabMatchingClipboard.swift */ = {isa = PBXFileReference; fileEncoding = 4; lastKnownFileType = sourcecode.swift; path = VocabMatchingClipboard.swift; sourceTree = "<group>"; };
		D9E74B7E1F1F1AF800A42B7E /* VocabMatchingTile.swift */ = {isa = PBXFileReference; fileEncoding = 4; lastKnownFileType = sourcecode.swift; path = VocabMatchingTile.swift; sourceTree = "<group>"; };
		D9E922E61F1C9FFA0091D8BB /* SinkToSwimTests.swift */ = {isa = PBXFileReference; fileEncoding = 4; lastKnownFileType = sourcecode.swift; path = SinkToSwimTests.swift; sourceTree = "<group>"; };
		D9EEC4541F2A1A230037C745 /* VocabMatchingTests.swift */ = {isa = PBXFileReference; fileEncoding = 4; lastKnownFileType = sourcecode.swift; path = VocabMatchingTests.swift; sourceTree = "<group>"; };
		EAB1B4AB1FE9E4FB005964AF /* UserDefaultsHandler.swift */ = {isa = PBXFileReference; lastKnownFileType = sourcecode.swift; path = UserDefaultsHandler.swift; sourceTree = "<group>"; };
/* End PBXFileReference section */

/* Begin PBXFrameworksBuildPhase section */
		2A0CA54C1B294C6B00ED8781 /* Frameworks */ = {
			isa = PBXFrameworksBuildPhase;
			buildActionMask = 2147483647;
			files = (
				2A0CA5751B294C9200ED8781 /* libsqlite3.dylib in Frameworks */,
			);
			runOnlyForDeploymentPostprocessing = 0;
		};
		2A0CA5611B294C6B00ED8781 /* Frameworks */ = {
			isa = PBXFrameworksBuildPhase;
			buildActionMask = 2147483647;
			files = (
			);
			runOnlyForDeploymentPostprocessing = 0;
		};
/* End PBXFrameworksBuildPhase section */

/* Begin PBXGroup section */
		2A0CA5461B294C6B00ED8781 = {
			isa = PBXGroup;
			children = (
				2AC905691CDB445B00FFA856 /* FMDB */,
				2AD1A1E61B2B1ADA00BCA94D /* ModelManager.swift */,
				2A0CA5741B294C9200ED8781 /* libsqlite3.dylib */,
				2A0CA5761B29E83500ED8781 /* Powerup-Bridging-Header.h */,
				2A259E3C1CE8ECFE00AC1CF7 /* Database */,
				2A0CA5511B294C6B00ED8781 /* Powerup */,
				2A0CA5671B294C6B00ED8781 /* PowerupTests */,
				2A0CA5501B294C6B00ED8781 /* Products */,
			);
			sourceTree = "<group>";
		};
		2A0CA5501B294C6B00ED8781 /* Products */ = {
			isa = PBXGroup;
			children = (
				2A0CA54F1B294C6B00ED8781 /* Powerup.app */,
				2A0CA5641B294C6B00ED8781 /* PowerupTests.xctest */,
			);
			name = Products;
			sourceTree = "<group>";
		};
		2A0CA5511B294C6B00ED8781 /* Powerup */ = {
			isa = PBXGroup;
			children = (
				5BD8647F2046F5FF00004B39 /* Utlities */,
				D9381DB21EF773B9000AC2B5 /* Font */,
				D9AAA9C71EF25E2700287A79 /* Extensions */,
				D9E74B771F1F145900A42B7E /* Vocab Matching Game */,
				D9AAA99E1EF21C3D00287A79 /* Mine Sweeper Game */,
				D984D2FF1F0F596E0006270D /* Sink to Swim Game */,
				D96944AE1F2EE97900FBE0E4 /* SKTutorialScene.swift */,
				D910FF181F04AB3200C444DA /* DataSource.swift */,
				D959CBD21EE64A3A00C31753 /* DatabaseAccessor.swift */,
				D984D3041F0F59BA0006270D /* SKMultilineLabel.swift */,
				6A69DC8B20AB3835006511E3 /* OOC-Event-Classes */,
				D959CBC51EE642BE00C31753 /* Data Models */,
				D956495E1EDFB20A008D5675 /* View Controllers */,
				2A0CA5541B294C6B00ED8781 /* AppDelegate.swift */,
				2A0CA5581B294C6B00ED8781 /* Main.storyboard */,
				2A0CA55B1B294C6B00ED8781 /* Images.xcassets */,
				6A69DC9D20ABCA0A006511E3 /* Sounds.xcassets */,
				2A0CA55D1B294C6B00ED8781 /* LaunchScreen.xib */,
				2A0CA5521B294C6B00ED8781 /* Supporting Files */,
			);
			path = Powerup;
			sourceTree = "<group>";
		};
		2A0CA5521B294C6B00ED8781 /* Supporting Files */ = {
			isa = PBXGroup;
			children = (
				2A0CA5531B294C6B00ED8781 /* Info.plist */,
			);
			name = "Supporting Files";
			sourceTree = "<group>";
		};
		2A0CA5671B294C6B00ED8781 /* PowerupTests */ = {
			isa = PBXGroup;
			children = (
				4D4074AD200E69AA009118F6 /* MapViewControllerTests.swift */,
				4D4074AB200E68FF009118F6 /* ShopViewControllerTests.swift */,
				D9EEC4541F2A1A230037C745 /* VocabMatchingTests.swift */,
				D9E922E61F1C9FFA0091D8BB /* SinkToSwimTests.swift */,
				D9A1572D1F0A205200B3A51B /* DatabaseEntryTests.swift */,
				D910FF241F06304F00C444DA /* DatabaseAccessorTests.swift */,
				D910FF221F05FF5E00C444DA /* CustomizeAvatarViewControllerTests.swift */,
				D910FF201F05E22400C444DA /* ScenarioViewControllerTests.swift */,
				D910FF1E1F04DD4F00C444DA /* ResultViewControllerTests.swift */,
				D9DD913D1F0363DF009DE3B5 /* ModelClassTests.swift */,
				D9970C7B1F00998300960B52 /* MinesweeperTests.swift */,
				2A0CA5681B294C6B00ED8781 /* Supporting Files */,
			);
			path = PowerupTests;
			sourceTree = "<group>";
		};
		2A0CA5681B294C6B00ED8781 /* Supporting Files */ = {
			isa = PBXGroup;
			children = (
				2A0CA5691B294C6B00ED8781 /* Info.plist */,
			);
			name = "Supporting Files";
			sourceTree = "<group>";
		};
		2A259E3C1CE8ECFE00AC1CF7 /* Database */ = {
			isa = PBXGroup;
			children = (
				6A7B854020A9F51100EBFEEB /* mainDatabaseDev.sqlite */,
				2A2322DA1B2C5EB200F3F6D4 /* mainDatabase.sqlite */,
			);
			name = Database;
			sourceTree = "<group>";
		};
		2AC905691CDB445B00FFA856 /* FMDB */ = {
			isa = PBXGroup;
			children = (
				2AF82A821B4BA74A00307BED /* FMDatabase.h */,
				2AF82A8C1B4BA74A00307BED /* FMResultSet.m */,
				2AF82A831B4BA74A00307BED /* FMDatabase.m */,
				2AF82A841B4BA74A00307BED /* FMDatabaseAdditions.h */,
				2AF82A851B4BA74A00307BED /* FMDatabaseAdditions.m */,
				2AF82A861B4BA74A00307BED /* FMDatabasePool.h */,
				2AF82A871B4BA74A00307BED /* FMDatabasePool.m */,
				2AF82A881B4BA74A00307BED /* FMDatabaseQueue.h */,
				2AF82A891B4BA74A00307BED /* FMDatabaseQueue.m */,
				2AF82A8A1B4BA74A00307BED /* FMDB.h */,
				2AF82A8B1B4BA74A00307BED /* FMResultSet.h */,
			);
			name = FMDB;
			sourceTree = "<group>";
		};
		5BD8647F2046F5FF00004B39 /* Utlities */ = {
			isa = PBXGroup;
			children = (
				5BD864802046F61900004B39 /* Strings.swift */,
				5BB66DBE2055D5D800DE3B9C /* SegueHandler.swift */,
			);
			name = Utlities;
			sourceTree = "<group>";
		};
		6A69DC8B20AB3835006511E3 /* OOC-Event-Classes */ = {
			isa = PBXGroup;
			children = (
				6A69DC8E20AB3881006511E3 /* PopupEventPlayer.swift */,
				6A69DC9620AB38BD006511E3 /* PopupEvents.swift */,
				6A69DC8C20AB386B006511E3 /* StorySequencePlayer.swift */,
				6A69DC9020AB3892006511E3 /* StorySequenceModel.swift */,
				6A69DC9420AB38B4006511E3 /* StorySequences.swift */,
				6A29A3F120AC9CAC00DABACE /* SoundPlayer.swift */,
			);
			path = "OOC-Event-Classes";
			sourceTree = "<group>";
		};
		D9381DB21EF773B9000AC2B5 /* Font */ = {
			isa = PBXGroup;
			children = (
				D9381DB01EF773B2000AC2B5 /* Montserrat-Bold.otf */,
			);
			name = Font;
			sourceTree = "<group>";
		};
		D956495E1EDFB20A008D5675 /* View Controllers */ = {
			isa = PBXGroup;
			children = (
				2A2A4DB61B373C5B00D50860 /* StartViewController.swift */,
				2A8D2E061D17CDF700154F98 /* ShopViewController.swift */,
				D984E4D51F4A95A400A06204 /* CustomizeAvatarViewController.swift */,
				D95B03CB1EDE7470001DB858 /* MapViewController.swift */,
				2A0CA5561B294C6B00ED8781 /* ScenarioViewController.swift */,
				D95B03CD1EDEA680001DB858 /* MiniGameViewController.swift */,
				D9D10A3F1EE130BD003584F4 /* ResultsViewController.swift */,
				D95BBB7F1F4A911D00E0E620 /* AboutViewController.swift */,
				4DF1CBB020152582008B5359 /* CompletedViewController.swift */,
				5BAC4643206D2D9B0091C73C /* EndViewController.swift */,
			);
			name = "View Controllers";
			sourceTree = "<group>";
		};
		D959CBC51EE642BE00C31753 /* Data Models */ = {
			isa = PBXGroup;
			children = (
				D959CBC61EE6430E00C31753 /* Answer.swift */,
				D959CBC81EE643F400C31753 /* Avatar.swift */,
				D959CBCA1EE6481100C31753 /* Question.swift */,
				D959CBCC1EE6489100C31753 /* Scenario.swift */,
				D959CBCE1EE6491800C31753 /* Score.swift */,
				D9E190A51EE952CD00109F39 /* Accessory.swift */,
			);
			name = "Data Models";
			sourceTree = "<group>";
		};
		D984D2FF1F0F596E0006270D /* Sink to Swim Game */ = {
			isa = PBXGroup;
			children = (
				D984D3001F0F598C0006270D /* SinkToSwimGameScene.swift */,
				D984D3021F0F59A40006270D /* SinkToSwimQuestion.swift */,
			);
			name = "Sink to Swim Game";
			sourceTree = "<group>";
		};
		D9AAA99E1EF21C3D00287A79 /* Mine Sweeper Game */ = {
			isa = PBXGroup;
			children = (
				D9AAA9C31EF2335F00287A79 /* MinesweeperGameScene.swift */,
				D9AAA9C51EF2481900287A79 /* GuessingBox.swift */,
			);
			name = "Mine Sweeper Game";
			sourceTree = "<group>";
		};
		D9AAA9C71EF25E2700287A79 /* Extensions */ = {
			isa = PBXGroup;
			children = (
				EAB1B4AB1FE9E4FB005964AF /* UserDefaultsHandler.swift */,
				D9AAA9C81EF25E4600287A79 /* ShuffleArrayExtension.swift */,
				D969D26B1EE8F36200A5133F /* FMResultSetNullCheckExtension.swift */,
			);
			name = Extensions;
			sourceTree = "<group>";
		};
		D9E74B771F1F145900A42B7E /* Vocab Matching Game */ = {
			isa = PBXGroup;
			children = (
				D9E74B781F1F149400A42B7E /* VocabMatchingGameScene.swift */,
				D9E74B7A1F1F14ED00A42B7E /* VocabMatchingClipboard.swift */,
				D9E74B7E1F1F1AF800A42B7E /* VocabMatchingTile.swift */,
			);
			name = "Vocab Matching Game";
			sourceTree = "<group>";
		};
/* End PBXGroup section */

/* Begin PBXNativeTarget section */
		2A0CA54E1B294C6B00ED8781 /* Powerup */ = {
			isa = PBXNativeTarget;
			buildConfigurationList = 2A0CA56E1B294C6B00ED8781 /* Build configuration list for PBXNativeTarget "Powerup" */;
			buildPhases = (
				2A0CA54B1B294C6B00ED8781 /* Sources */,
				2A0CA54C1B294C6B00ED8781 /* Frameworks */,
				2A0CA54D1B294C6B00ED8781 /* Resources */,
				2A5B28351D3E6BF000308F78 /* CopyFiles */,
			);
			buildRules = (
			);
			dependencies = (
			);
			name = Powerup;
			productName = Database;
			productReference = 2A0CA54F1B294C6B00ED8781 /* Powerup.app */;
			productType = "com.apple.product-type.application";
		};
		2A0CA5631B294C6B00ED8781 /* PowerupTests */ = {
			isa = PBXNativeTarget;
			buildConfigurationList = 2A0CA5711B294C6B00ED8781 /* Build configuration list for PBXNativeTarget "PowerupTests" */;
			buildPhases = (
				2A0CA5601B294C6B00ED8781 /* Sources */,
				2A0CA5611B294C6B00ED8781 /* Frameworks */,
				2A0CA5621B294C6B00ED8781 /* Resources */,
			);
			buildRules = (
			);
			dependencies = (
				2A0CA5661B294C6B00ED8781 /* PBXTargetDependency */,
			);
			name = PowerupTests;
			productName = DatabaseTests;
			productReference = 2A0CA5641B294C6B00ED8781 /* PowerupTests.xctest */;
			productType = "com.apple.product-type.bundle.unit-test";
		};
/* End PBXNativeTarget section */

/* Begin PBXProject section */
		2A0CA5471B294C6B00ED8781 /* Project object */ = {
			isa = PBXProject;
			attributes = {
				LastSwiftMigration = 0730;
				LastSwiftUpdateCheck = 0930;
				LastUpgradeCheck = 0920;
				ORGANIZATIONNAME = Systers;
				TargetAttributes = {
					2A0CA54E1B294C6B00ED8781 = {
						CreatedOnToolsVersion = 6.3.2;
						DevelopmentTeam = MZWL92LA7S;
						LastSwiftMigration = 0920;
					};
					2A0CA5631B294C6B00ED8781 = {
						CreatedOnToolsVersion = 6.3.2;
						LastSwiftMigration = 0920;
						TestTargetID = 2A0CA54E1B294C6B00ED8781;
					};
				};
			};
			buildConfigurationList = 2A0CA54A1B294C6B00ED8781 /* Build configuration list for PBXProject "Powerup" */;
			compatibilityVersion = "Xcode 3.2";
			developmentRegion = English;
			hasScannedForEncodings = 0;
			knownRegions = (
				en,
				Base,
			);
			mainGroup = 2A0CA5461B294C6B00ED8781;
			productRefGroup = 2A0CA5501B294C6B00ED8781 /* Products */;
			projectDirPath = "";
			projectRoot = "";
			targets = (
				2A0CA54E1B294C6B00ED8781 /* Powerup */,
				2A0CA5631B294C6B00ED8781 /* PowerupTests */,
			);
		};
/* End PBXProject section */

/* Begin PBXResourcesBuildPhase section */
		2A0CA54D1B294C6B00ED8781 /* Resources */ = {
			isa = PBXResourcesBuildPhase;
			buildActionMask = 2147483647;
			files = (
				D9381DB11EF773B2000AC2B5 /* Montserrat-Bold.otf in Resources */,
				2A5B28371D3E6E6300308F78 /* mainDatabase.sqlite in Resources */,
				2A0CA55A1B294C6B00ED8781 /* Main.storyboard in Resources */,
				2A0CA55F1B294C6B00ED8781 /* LaunchScreen.xib in Resources */,
				2A0CA55C1B294C6B00ED8781 /* Images.xcassets in Resources */,
				6A69DC9E20ABCA0A006511E3 /* Sounds.xcassets in Resources */,
				6A7B854120A9F51100EBFEEB /* mainDatabaseDev.sqlite in Resources */,
			);
			runOnlyForDeploymentPostprocessing = 0;
		};
		2A0CA5621B294C6B00ED8781 /* Resources */ = {
			isa = PBXResourcesBuildPhase;
			buildActionMask = 2147483647;
			files = (
			);
			runOnlyForDeploymentPostprocessing = 0;
		};
/* End PBXResourcesBuildPhase section */

/* Begin PBXSourcesBuildPhase section */
		2A0CA54B1B294C6B00ED8781 /* Sources */ = {
			isa = PBXSourcesBuildPhase;
			buildActionMask = 2147483647;
			files = (
				5BB66DBF2055D5D800DE3B9C /* SegueHandler.swift in Sources */,
				5BD864812046F61900004B39 /* Strings.swift in Sources */,
				2A2A4DB71B373C5B00D50860 /* StartViewController.swift in Sources */,
				D9E74B7B1F1F14ED00A42B7E /* VocabMatchingClipboard.swift in Sources */,
				2AF82A8D1B4BA74A00307BED /* FMDatabase.m in Sources */,
				D96944AF1F2EE97900FBE0E4 /* SKTutorialScene.swift in Sources */,
				6A69DC8F20AB3881006511E3 /* PopupEventPlayer.swift in Sources */,
				D984D3051F0F59BA0006270D /* SKMultilineLabel.swift in Sources */,
				D959CBCB1EE6481100C31753 /* Question.swift in Sources */,
				D959CBC91EE643F400C31753 /* Avatar.swift in Sources */,
				6A69DC9720AB38BD006511E3 /* PopupEvents.swift in Sources */,
				5BAC4644206D2D9B0091C73C /* EndViewController.swift in Sources */,
				2A0CA5571B294C6B00ED8781 /* ScenarioViewController.swift in Sources */,
				2AF82A901B4BA74A00307BED /* FMDatabaseQueue.m in Sources */,
				2AF82A911B4BA74A00307BED /* FMResultSet.m in Sources */,
				2AF82A8F1B4BA74A00307BED /* FMDatabasePool.m in Sources */,
				D959CBC71EE6430E00C31753 /* Answer.swift in Sources */,
				2A8D2E071D17CDF700154F98 /* ShopViewController.swift in Sources */,
				D9AAA9C61EF2481900287A79 /* GuessingBox.swift in Sources */,
				D9D10A401EE130BD003584F4 /* ResultsViewController.swift in Sources */,
				D959CBCD1EE6489100C31753 /* Scenario.swift in Sources */,
				D969D26C1EE8F36200A5133F /* FMResultSetNullCheckExtension.swift in Sources */,
				D959CBCF1EE6491800C31753 /* Score.swift in Sources */,
				D910FF191F04AB3200C444DA /* DataSource.swift in Sources */,
				2AD1A1E71B2B1ADA00BCA94D /* ModelManager.swift in Sources */,
				D959CBD31EE64A3A00C31753 /* DatabaseAccessor.swift in Sources */,
				2A0CA5551B294C6B00ED8781 /* AppDelegate.swift in Sources */,
				EAB1B4AC1FE9E4FB005964AF /* UserDefaultsHandler.swift in Sources */,
				D9E190A61EE952CD00109F39 /* Accessory.swift in Sources */,
				6A69DC8D20AB386B006511E3 /* StorySequencePlayer.swift in Sources */,
				D984D3031F0F59A40006270D /* SinkToSwimQuestion.swift in Sources */,
				6A69DC9120AB3892006511E3 /* StorySequenceModel.swift in Sources */,
				D984D3011F0F598C0006270D /* SinkToSwimGameScene.swift in Sources */,
				6A29A3F220AC9CAC00DABACE /* SoundPlayer.swift in Sources */,
				D95BBB801F4A911D00E0E620 /* AboutViewController.swift in Sources */,
				2AF82A8E1B4BA74A00307BED /* FMDatabaseAdditions.m in Sources */,
				D984E4D61F4A95A400A06204 /* CustomizeAvatarViewController.swift in Sources */,
				6A69DC9520AB38B4006511E3 /* StorySequences.swift in Sources */,
				D9E74B791F1F149400A42B7E /* VocabMatchingGameScene.swift in Sources */,
				D9E74B7F1F1F1AF800A42B7E /* VocabMatchingTile.swift in Sources */,
				D95B03CE1EDEA680001DB858 /* MiniGameViewController.swift in Sources */,
				D95B03CC1EDE7470001DB858 /* MapViewController.swift in Sources */,
				D9AAA9C91EF25E4600287A79 /* ShuffleArrayExtension.swift in Sources */,
				4DF1CBB120152582008B5359 /* CompletedViewController.swift in Sources */,
				D9AAA9C41EF2335F00287A79 /* MinesweeperGameScene.swift in Sources */,
			);
			runOnlyForDeploymentPostprocessing = 0;
		};
		2A0CA5601B294C6B00ED8781 /* Sources */ = {
			isa = PBXSourcesBuildPhase;
			buildActionMask = 2147483647;
			files = (
				D9E922E71F1C9FFA0091D8BB /* SinkToSwimTests.swift in Sources */,
				D9A1572E1F0A205200B3A51B /* DatabaseEntryTests.swift in Sources */,
				D910FF231F05FF5E00C444DA /* CustomizeAvatarViewControllerTests.swift in Sources */,
				D910FF251F06304F00C444DA /* DatabaseAccessorTests.swift in Sources */,
				D9DD913E1F0363DF009DE3B5 /* ModelClassTests.swift in Sources */,
				D9EEC4551F2A1A230037C745 /* VocabMatchingTests.swift in Sources */,
				D910FF1F1F04DD4F00C444DA /* ResultViewControllerTests.swift in Sources */,
				D910FF211F05E22400C444DA /* ScenarioViewControllerTests.swift in Sources */,
				4D4074AE200E69AA009118F6 /* MapViewControllerTests.swift in Sources */,
				4D4074AC200E68FF009118F6 /* ShopViewControllerTests.swift in Sources */,
				D9970C7C1F00998300960B52 /* MinesweeperTests.swift in Sources */,
			);
			runOnlyForDeploymentPostprocessing = 0;
		};
/* End PBXSourcesBuildPhase section */

/* Begin PBXTargetDependency section */
		2A0CA5661B294C6B00ED8781 /* PBXTargetDependency */ = {
			isa = PBXTargetDependency;
			target = 2A0CA54E1B294C6B00ED8781 /* Powerup */;
			targetProxy = 2A0CA5651B294C6B00ED8781 /* PBXContainerItemProxy */;
		};
/* End PBXTargetDependency section */

/* Begin PBXVariantGroup section */
		2A0CA5581B294C6B00ED8781 /* Main.storyboard */ = {
			isa = PBXVariantGroup;
			children = (
				2A0CA5591B294C6B00ED8781 /* Base */,
			);
			name = Main.storyboard;
			sourceTree = "<group>";
		};
		2A0CA55D1B294C6B00ED8781 /* LaunchScreen.xib */ = {
			isa = PBXVariantGroup;
			children = (
				2A0CA55E1B294C6B00ED8781 /* Base */,
			);
			name = LaunchScreen.xib;
			sourceTree = "<group>";
		};
/* End PBXVariantGroup section */

/* Begin XCBuildConfiguration section */
		2A0CA56C1B294C6B00ED8781 /* Debug */ = {
			isa = XCBuildConfiguration;
			buildSettings = {
				ALWAYS_SEARCH_USER_PATHS = NO;
				CLANG_CXX_LANGUAGE_STANDARD = "gnu++0x";
				CLANG_CXX_LIBRARY = "libc++";
				CLANG_ENABLE_MODULES = YES;
				CLANG_ENABLE_OBJC_ARC = YES;
				CLANG_WARN_BLOCK_CAPTURE_AUTORELEASING = YES;
				CLANG_WARN_BOOL_CONVERSION = YES;
				CLANG_WARN_COMMA = YES;
				CLANG_WARN_CONSTANT_CONVERSION = YES;
				CLANG_WARN_DIRECT_OBJC_ISA_USAGE = YES_ERROR;
				CLANG_WARN_EMPTY_BODY = YES;
				CLANG_WARN_ENUM_CONVERSION = YES;
				CLANG_WARN_INFINITE_RECURSION = YES;
				CLANG_WARN_INT_CONVERSION = YES;
				CLANG_WARN_NON_LITERAL_NULL_CONVERSION = YES;
				CLANG_WARN_OBJC_LITERAL_CONVERSION = YES;
				CLANG_WARN_OBJC_ROOT_CLASS = YES_ERROR;
				CLANG_WARN_RANGE_LOOP_ANALYSIS = YES;
				CLANG_WARN_STRICT_PROTOTYPES = YES;
				CLANG_WARN_SUSPICIOUS_MOVE = YES;
				CLANG_WARN_UNREACHABLE_CODE = YES;
				CLANG_WARN__DUPLICATE_METHOD_MATCH = YES;
				"CODE_SIGN_IDENTITY[sdk=iphoneos*]" = "iPhone Developer";
				COPY_PHASE_STRIP = NO;
				DEBUG_INFORMATION_FORMAT = dwarf;
				ENABLE_STRICT_OBJC_MSGSEND = YES;
				ENABLE_TESTABILITY = YES;
				GCC_C_LANGUAGE_STANDARD = gnu99;
				GCC_DYNAMIC_NO_PIC = NO;
				GCC_NO_COMMON_BLOCKS = YES;
				GCC_OPTIMIZATION_LEVEL = 0;
				GCC_PREPROCESSOR_DEFINITIONS = (
					"DEBUG=1",
					"$(inherited)",
				);
				GCC_SYMBOLS_PRIVATE_EXTERN = NO;
				GCC_WARN_64_TO_32_BIT_CONVERSION = YES;
				GCC_WARN_ABOUT_RETURN_TYPE = YES_ERROR;
				GCC_WARN_UNDECLARED_SELECTOR = YES;
				GCC_WARN_UNINITIALIZED_AUTOS = YES_AGGRESSIVE;
				GCC_WARN_UNUSED_FUNCTION = YES;
				GCC_WARN_UNUSED_VARIABLE = YES;
				IPHONEOS_DEPLOYMENT_TARGET = 9.1;
				MTL_ENABLE_DEBUG_INFO = YES;
				ONLY_ACTIVE_ARCH = YES;
				SDKROOT = iphoneos;
				SWIFT_OPTIMIZATION_LEVEL = "-Onone";
				TARGETED_DEVICE_FAMILY = "1,2";
			};
			name = Debug;
		};
		2A0CA56D1B294C6B00ED8781 /* Release */ = {
			isa = XCBuildConfiguration;
			buildSettings = {
				ALWAYS_SEARCH_USER_PATHS = NO;
				CLANG_CXX_LANGUAGE_STANDARD = "gnu++0x";
				CLANG_CXX_LIBRARY = "libc++";
				CLANG_ENABLE_MODULES = YES;
				CLANG_ENABLE_OBJC_ARC = YES;
				CLANG_WARN_BLOCK_CAPTURE_AUTORELEASING = YES;
				CLANG_WARN_BOOL_CONVERSION = YES;
				CLANG_WARN_COMMA = YES;
				CLANG_WARN_CONSTANT_CONVERSION = YES;
				CLANG_WARN_DIRECT_OBJC_ISA_USAGE = YES_ERROR;
				CLANG_WARN_EMPTY_BODY = YES;
				CLANG_WARN_ENUM_CONVERSION = YES;
				CLANG_WARN_INFINITE_RECURSION = YES;
				CLANG_WARN_INT_CONVERSION = YES;
				CLANG_WARN_NON_LITERAL_NULL_CONVERSION = YES;
				CLANG_WARN_OBJC_LITERAL_CONVERSION = YES;
				CLANG_WARN_OBJC_ROOT_CLASS = YES_ERROR;
				CLANG_WARN_RANGE_LOOP_ANALYSIS = YES;
				CLANG_WARN_STRICT_PROTOTYPES = YES;
				CLANG_WARN_SUSPICIOUS_MOVE = YES;
				CLANG_WARN_UNREACHABLE_CODE = YES;
				CLANG_WARN__DUPLICATE_METHOD_MATCH = YES;
				"CODE_SIGN_IDENTITY[sdk=iphoneos*]" = "iPhone Developer";
				COPY_PHASE_STRIP = NO;
				DEBUG_INFORMATION_FORMAT = dwarf;
				ENABLE_NS_ASSERTIONS = NO;
				ENABLE_STRICT_OBJC_MSGSEND = YES;
				GCC_C_LANGUAGE_STANDARD = gnu99;
				GCC_NO_COMMON_BLOCKS = YES;
				GCC_WARN_64_TO_32_BIT_CONVERSION = YES;
				GCC_WARN_ABOUT_RETURN_TYPE = YES_ERROR;
				GCC_WARN_UNDECLARED_SELECTOR = YES;
				GCC_WARN_UNINITIALIZED_AUTOS = YES_AGGRESSIVE;
				GCC_WARN_UNUSED_FUNCTION = YES;
				GCC_WARN_UNUSED_VARIABLE = YES;
				IPHONEOS_DEPLOYMENT_TARGET = 9.1;
				MTL_ENABLE_DEBUG_INFO = NO;
				SDKROOT = iphoneos;
				SWIFT_OPTIMIZATION_LEVEL = "-Owholemodule";
				TARGETED_DEVICE_FAMILY = "1,2";
				VALIDATE_PRODUCT = YES;
			};
			name = Release;
		};
		2A0CA56F1B294C6B00ED8781 /* Debug */ = {
			isa = XCBuildConfiguration;
			buildSettings = {
				ASSETCATALOG_COMPILER_APPICON_NAME = AppIcon;
				CLANG_ENABLE_MODULES = YES;
				CODE_SIGN_IDENTITY = "iPhone Developer";
				"CODE_SIGN_IDENTITY[sdk=iphoneos*]" = "iPhone Developer";
				DEVELOPMENT_TEAM = MZWL92LA7S;
				INFOPLIST_FILE = Powerup/Info.plist;
				IPHONEOS_DEPLOYMENT_TARGET = 9.1;
				LD_RUNPATH_SEARCH_PATHS = "$(inherited) @executable_path/Frameworks";
				New_Setting = "";
				ONLY_ACTIVE_ARCH = YES;
				OTHER_SWIFT_FLAGS = "";
				PRODUCT_BUNDLE_IDENTIFIER = com.example.Powerup;
				PRODUCT_NAME = Powerup;
				PROVISIONING_PROFILE = "";
				SWIFT_OBJC_BRIDGING_HEADER = "Powerup-Bridging-Header.h";
				SWIFT_OPTIMIZATION_LEVEL = "-Onone";
				SWIFT_SWIFT3_OBJC_INFERENCE = Default;
				SWIFT_VERSION = 4.0;
				TARGETED_DEVICE_FAMILY = 1;
			};
			name = Debug;
		};
		2A0CA5701B294C6B00ED8781 /* Release */ = {
			isa = XCBuildConfiguration;
			buildSettings = {
				ASSETCATALOG_COMPILER_APPICON_NAME = AppIcon;
				CLANG_ENABLE_MODULES = YES;
				CODE_SIGN_IDENTITY = "iPhone Developer";
				"CODE_SIGN_IDENTITY[sdk=iphoneos*]" = "iPhone Developer";
				DEVELOPMENT_TEAM = MZWL92LA7S;
				INFOPLIST_FILE = Powerup/Info.plist;
				IPHONEOS_DEPLOYMENT_TARGET = 9.1;
				LD_RUNPATH_SEARCH_PATHS = "$(inherited) @executable_path/Frameworks";
				New_Setting = "";
				ONLY_ACTIVE_ARCH = NO;
				PRODUCT_BUNDLE_IDENTIFIER = com.example.Powerup;
				PRODUCT_NAME = Powerup;
				PROVISIONING_PROFILE = "";
				SWIFT_OBJC_BRIDGING_HEADER = "Powerup-Bridging-Header.h";
				SWIFT_SWIFT3_OBJC_INFERENCE = Default;
				SWIFT_VERSION = 4.0;
				TARGETED_DEVICE_FAMILY = 1;
			};
			name = Release;
		};
		2A0CA5721B294C6B00ED8781 /* Debug */ = {
			isa = XCBuildConfiguration;
			buildSettings = {
				BUNDLE_LOADER = "$(TEST_HOST)";
				GCC_PREPROCESSOR_DEFINITIONS = "";
				"GCC_PREPROCESSOR_DEFINITIONS[arch=*]" = (
					"DEBUG=1",
					"TEST=1",
				);
				INFOPLIST_FILE = PowerupTests/Info.plist;
				LD_RUNPATH_SEARCH_PATHS = "$(inherited) @executable_path/Frameworks @loader_path/Frameworks";
				OTHER_SWIFT_FLAGS = "";
				PRODUCT_BUNDLE_IDENTIFIER = "com.example.$(PRODUCT_NAME:rfc1034identifier)";
				PRODUCT_NAME = PowerupTests;
				SWIFT_OPTIMIZATION_LEVEL = "-Onone";
				SWIFT_SWIFT3_OBJC_INFERENCE = Default;
				SWIFT_VERSION = 4.0;
				TEST_HOST = "$(BUILT_PRODUCTS_DIR)/Powerup.app/Powerup";
			};
			name = Debug;
		};
		2A0CA5731B294C6B00ED8781 /* Release */ = {
			isa = XCBuildConfiguration;
			buildSettings = {
				BUNDLE_LOADER = "$(TEST_HOST)";
				CLANG_ENABLE_MODULES = YES;
				INFOPLIST_FILE = PowerupTests/Info.plist;
				LD_RUNPATH_SEARCH_PATHS = "$(inherited) @executable_path/Frameworks @loader_path/Frameworks";
				OTHER_SWIFT_FLAGS = "";
				PRODUCT_BUNDLE_IDENTIFIER = "com.example.$(PRODUCT_NAME:rfc1034identifier)";
				PRODUCT_NAME = PowerupTests;
				SWIFT_SWIFT3_OBJC_INFERENCE = Default;
				SWIFT_VERSION = 4.0;
				TEST_HOST = "$(BUILT_PRODUCTS_DIR)/Powerup.app/Powerup";
			};
			name = Release;
		};
/* End XCBuildConfiguration section */

/* Begin XCConfigurationList section */
		2A0CA54A1B294C6B00ED8781 /* Build configuration list for PBXProject "Powerup" */ = {
			isa = XCConfigurationList;
			buildConfigurations = (
				2A0CA56C1B294C6B00ED8781 /* Debug */,
				2A0CA56D1B294C6B00ED8781 /* Release */,
			);
			defaultConfigurationIsVisible = 0;
			defaultConfigurationName = Release;
		};
		2A0CA56E1B294C6B00ED8781 /* Build configuration list for PBXNativeTarget "Powerup" */ = {
			isa = XCConfigurationList;
			buildConfigurations = (
				2A0CA56F1B294C6B00ED8781 /* Debug */,
				2A0CA5701B294C6B00ED8781 /* Release */,
			);
			defaultConfigurationIsVisible = 0;
			defaultConfigurationName = Release;
		};
		2A0CA5711B294C6B00ED8781 /* Build configuration list for PBXNativeTarget "PowerupTests" */ = {
			isa = XCConfigurationList;
			buildConfigurations = (
				2A0CA5721B294C6B00ED8781 /* Debug */,
				2A0CA5731B294C6B00ED8781 /* Release */,
			);
			defaultConfigurationIsVisible = 0;
			defaultConfigurationName = Release;
		};
/* End XCConfigurationList section */
	};
	rootObject = 2A0CA5471B294C6B00ED8781 /* Project object */;
}
